
Microsoft Visual Studio Solution File, Format Version 12.00
# Visual Studio Version 17
VisualStudioVersion = 17.4.33213.308
MinimumVisualStudioVersion = 10.0.40219.1
Project("{9A19103F-16F7-4668-BE54-9A1E7A4F7556}") = "Functions", "RKE132-week7\Functions.csproj", "{729C20C3-4EB0-4D95-ADB5-4F7281A9FD95}"
EndProject
Project("{FAE04EC0-301F-11D3-BF4B-00C04F79EFBC}") = "ArgumentsAndParameters", "ArgumentsAndParameters\ArgumentsAndParameters.csproj", "{3B06B45E-3F0E-4E99-AB9B-00B11FF6B4C0}"
EndProject
Project("{FAE04EC0-301F-11D3-BF4B-00C04F79EFBC}") = "Calculator", "Calculator\Calculator.csproj", "{B5C320B4-E2C5-4D19-95D4-3306E19D18CD}"
EndProject
Project("{FAE04EC0-301F-11D3-BF4B-00C04F79EFBC}") = "discountCalculator", "discountCalculator\discountCalculator.csproj", "{7C0FD49B-0781-4F64-9E3A-204DF046D8E1}"
EndProject
Global
	GlobalSection(SolutionConfigurationPlatforms) = preSolution
		Debug|Any CPU = Debug|Any CPU
		Release|Any CPU = Release|Any CPU
	EndGlobalSection
	GlobalSection(ProjectConfigurationPlatforms) = postSolution
		{729C20C3-4EB0-4D95-ADB5-4F7281A9FD95}.Debug|Any CPU.ActiveCfg = Debug|Any CPU
		{729C20C3-4EB0-4D95-ADB5-4F7281A9FD95}.Debug|Any CPU.Build.0 = Debug|Any CPU
		{729C20C3-4EB0-4D95-ADB5-4F7281A9FD95}.Release|Any CPU.ActiveCfg = Release|Any CPU
		{729C20C3-4EB0-4D95-ADB5-4F7281A9FD95}.Release|Any CPU.Build.0 = Release|Any CPU
		{3B06B45E-3F0E-4E99-AB9B-00B11FF6B4C0}.Debug|Any CPU.ActiveCfg = Debug|Any CPU
		{3B06B45E-3F0E-4E99-AB9B-00B11FF6B4C0}.Debug|Any CPU.Build.0 = Debug|Any CPU
		{3B06B45E-3F0E-4E99-AB9B-00B11FF6B4C0}.Release|Any CPU.ActiveCfg = Release|Any CPU
		{3B06B45E-3F0E-4E99-AB9B-00B11FF6B4C0}.Release|Any CPU.Build.0 = Release|Any CPU
		{B5C320B4-E2C5-4D19-95D4-3306E19D18CD}.Debug|Any CPU.ActiveCfg = Debug|Any CPU
		{B5C320B4-E2C5-4D19-95D4-3306E19D18CD}.Debug|Any CPU.Build.0 = Debug|Any CPU
		{B5C320B4-E2C5-4D19-95D4-3306E19D18CD}.Release|Any CPU.ActiveCfg = Release|Any CPU
		{B5C320B4-E2C5-4D19-95D4-3306E19D18CD}.Release|Any CPU.Build.0 = Release|Any CPU
		{7C0FD49B-0781-4F64-9E3A-204DF046D8E1}.Debug|Any CPU.ActiveCfg = Debug|Any CPU
		{7C0FD49B-0781-4F64-9E3A-204DF046D8E1}.Debug|Any CPU.Build.0 = Debug|Any CPU
		{7C0FD49B-0781-4F64-9E3A-204DF046D8E1}.Release|Any CPU.ActiveCfg = Release|Any CPU
		{7C0FD49B-0781-4F64-9E3A-204DF046D8E1}.Release|Any CPU.Build.0 = Release|Any CPU
	EndGlobalSection
	GlobalSection(SolutionProperties) = preSolution
		HideSolutionNode = FALSE
	EndGlobalSection
	GlobalSection(ExtensibilityGlobals) = postSolution
		SolutionGuid = {0798B24D-00BA-4CFE-A36B-A3B8F60DD3D4}
	EndGlobalSection
EndGlobal
